// !$*UTF8*$!
{
	archiveVersion = 1;
	classes = {
	};
	objectVersion = 46;
	objects = {

/* Begin PBXBuildFile section */
		DCA736B61A69D77F0033DA06 /* AppDelegate.swift in Sources */ = {isa = PBXBuildFile; fileRef = DCA736B51A69D77F0033DA06 /* AppDelegate.swift */; };
		DCA736B81A69D77F0033DA06 /* ViewController.swift in Sources */ = {isa = PBXBuildFile; fileRef = DCA736B71A69D77F0033DA06 /* ViewController.swift */; };
		DCA736BB1A69D77F0033DA06 /* Main.storyboard in Resources */ = {isa = PBXBuildFile; fileRef = DCA736B91A69D77F0033DA06 /* Main.storyboard */; };
		DCA736BD1A69D77F0033DA06 /* Images.xcassets in Resources */ = {isa = PBXBuildFile; fileRef = DCA736BC1A69D77F0033DA06 /* Images.xcassets */; };
		DCA736C01A69D77F0033DA06 /* LaunchScreen.xib in Resources */ = {isa = PBXBuildFile; fileRef = DCA736BE1A69D77F0033DA06 /* LaunchScreen.xib */; };
		DCA736CC1A69D7800033DA06 /* RockPaperScissorsTests.swift in Sources */ = {isa = PBXBuildFile; fileRef = DCA736CB1A69D7800033DA06 /* RockPaperScissorsTests.swift */; };
		DCA736D61A69D8610033DA06 /* rps.jpg in Resources */ = {isa = PBXBuildFile; fileRef = DCA736D51A69D8610033DA06 /* rps.jpg */; };
/* End PBXBuildFile section */

/* Begin PBXContainerItemProxy section */
		DCA736C61A69D7800033DA06 /* PBXContainerItemProxy */ = {
			isa = PBXContainerItemProxy;
			containerPortal = DCA736A81A69D77F0033DA06 /* Project object */;
			proxyType = 1;
			remoteGlobalIDString = DCA736AF1A69D77F0033DA06;
			remoteInfo = RockPaperScissors;
		};
/* End PBXContainerItemProxy section */

/* Begin PBXFileReference section */
		DCA736B01A69D77F0033DA06 /* RockPaperScissors.app */ = {isa = PBXFileReference; explicitFileType = wrapper.application; includeInIndex = 0; path = RockPaperScissors.app; sourceTree = BUILT_PRODUCTS_DIR; };
		DCA736B41A69D77F0033DA06 /* Info.plist */ = {isa = PBXFileReference; lastKnownFileType = text.plist.xml; path = Info.plist; sourceTree = "<group>"; };
		DCA736B51A69D77F0033DA06 /* AppDelegate.swift */ = {isa = PBXFileReference; lastKnownFileType = sourcecode.swift; path = AppDelegate.swift; sourceTree = "<group>"; };
		DCA736B71A69D77F0033DA06 /* ViewController.swift */ = {isa = PBXFileReference; lastKnownFileType = sourcecode.swift; path = ViewController.swift; sourceTree = "<group>"; };
		DCA736BA1A69D77F0033DA06 /* Base */ = {isa = PBXFileReference; lastKnownFileType = file.storyboard; name = Base; path = Base.lproj/Main.storyboard; sourceTree = "<group>"; };
		DCA736BC1A69D77F0033DA06 /* Images.xcassets */ = {isa = PBXFileReference; lastKnownFileType = folder.assetcatalog; path = Images.xcassets; sourceTree = "<group>"; };
		DCA736BF1A69D77F0033DA06 /* Base */ = {isa = PBXFileReference; lastKnownFileType = file.xib; name = Base; path = Base.lproj/LaunchScreen.xib; sourceTree = "<group>"; };
		DCA736C51A69D7800033DA06 /* RockPaperScissorsTests.xctest */ = {isa = PBXFileReference; explicitFileType = wrapper.cfbundle; includeInIndex = 0; path = RockPaperScissorsTests.xctest; sourceTree = BUILT_PRODUCTS_DIR; };
		DCA736CA1A69D7800033DA06 /* Info.plist */ = {isa = PBXFileReference; lastKnownFileType = text.plist.xml; path = Info.plist; sourceTree = "<group>"; };
		DCA736CB1A69D7800033DA06 /* RockPaperScissorsTests.swift */ = {isa = PBXFileReference; lastKnownFileType = sourcecode.swift; path = RockPaperScissorsTests.swift; sourceTree = "<group>"; };
		DCA736D51A69D8610033DA06 /* rps.jpg */ = {isa = PBXFileReference; lastKnownFileType = image.jpeg; path = rps.jpg; sourceTree = "<group>"; };
/* End PBXFileReference section */

/* Begin PBXFrameworksBuildPhase section */
		DCA736AD1A69D77F0033DA06 /* Frameworks */ = {
			isa = PBXFrameworksBuildPhase;
			buildActionMask = 2147483647;
			files = (
			);
			runOnlyForDeploymentPostprocessing = 0;
		};
		DCA736C21A69D7800033DA06 /* Frameworks */ = {
			isa = PBXFrameworksBuildPhase;
			buildActionMask = 2147483647;
			files = (
			);
			runOnlyForDeploymentPostprocessing = 0;
		};
/* End PBXFrameworksBuildPhase section */

/* Begin PBXGroup section */
		DCA736A71A69D77F0033DA06 = {
			isa = PBXGroup;
			children = (
				DCA736B21A69D77F0033DA06 /* RockPaperScissors */,
				DCA736C81A69D7800033DA06 /* RockPaperScissorsTests */,
				DCA736B11A69D77F0033DA06 /* Products */,
			);
			sourceTree = "<group>";
		};
		DCA736B11A69D77F0033DA06 /* Products */ = {
			isa = PBXGroup;
			children = (
				DCA736B01A69D77F0033DA06 /* RockPaperScissors.app */,
				DCA736C51A69D7800033DA06 /* RockPaperScissorsTests.xctest */,
			);
			name = Products;
			sourceTree = "<group>";
		};
		DCA736B21A69D77F0033DA06 /* RockPaperScissors */ = {
			isa = PBXGroup;
			children = (
				DCA736B51A69D77F0033DA06 /* AppDelegate.swift */,
				DCA736B71A69D77F0033DA06 /* ViewController.swift */,
				DCA736B91A69D77F0033DA06 /* Main.storyboard */,
				DCA736BC1A69D77F0033DA06 /* Images.xcassets */,
				DCA736BE1A69D77F0033DA06 /* LaunchScreen.xib */,
				DCA736B31A69D77F0033DA06 /* Supporting Files */,
			);
			path = RockPaperScissors;
			sourceTree = "<group>";
		};
		DCA736B31A69D77F0033DA06 /* Supporting Files */ = {
			isa = PBXGroup;
			children = (
				DCA736D51A69D8610033DA06 /* rps.jpg */,
				DCA736B41A69D77F0033DA06 /* Info.plist */,
			);
			name = "Supporting Files";
			sourceTree = "<group>";
		};
		DCA736C81A69D7800033DA06 /* RockPaperScissorsTests */ = {
			isa = PBXGroup;
			children = (
				DCA736CB1A69D7800033DA06 /* RockPaperScissorsTests.swift */,
				DCA736C91A69D7800033DA06 /* Supporting Files */,
			);
			path = RockPaperScissorsTests;
			sourceTree = "<group>";
		};
		DCA736C91A69D7800033DA06 /* Supporting Files */ = {
			isa = PBXGroup;
			children = (
				DCA736CA1A69D7800033DA06 /* Info.plist */,
			);
			name = "Supporting Files";
			sourceTree = "<group>";
		};
/* End PBXGroup section */

/* Begin PBXNativeTarget section */
		DCA736AF1A69D77F0033DA06 /* RockPaperScissors */ = {
			isa = PBXNativeTarget;
			buildConfigurationList = DCA736CF1A69D7800033DA06 /* Build configuration list for PBXNativeTarget "RockPaperScissors" */;
			buildPhases = (
				DCA736AC1A69D77F0033DA06 /* Sources */,
				DCA736AD1A69D77F0033DA06 /* Frameworks */,
				DCA736AE1A69D77F0033DA06 /* Resources */,
			);
			buildRules = (
			);
			dependencies = (
			);
			name = RockPaperScissors;
			productName = RockPaperScissors;
			productReference = DCA736B01A69D77F0033DA06 /* RockPaperScissors.app */;
			productType = "com.apple.product-type.application";
		};
		DCA736C41A69D7800033DA06 /* RockPaperScissorsTests */ = {
			isa = PBXNativeTarget;
			buildConfigurationList = DCA736D21A69D7800033DA06 /* Build configuration list for PBXNativeTarget "RockPaperScissorsTests" */;
			buildPhases = (
				DCA736C11A69D7800033DA06 /* Sources */,
				DCA736C21A69D7800033DA06 /* Frameworks */,
				DCA736C31A69D7800033DA06 /* Resources */,
			);
			buildRules = (
			);
			dependencies = (
				DCA736C71A69D7800033DA06 /* PBXTargetDependency */,
			);
			name = RockPaperScissorsTests;
			productName = RockPaperScissorsTests;
			productReference = DCA736C51A69D7800033DA06 /* RockPaperScissorsTests.xctest */;
			productType = "com.apple.product-type.bundle.unit-test";
		};
/* End PBXNativeTarget section */

/* Begin PBXProject section */
		DCA736A81A69D77F0033DA06 /* Project object */ = {
			isa = PBXProject;
			attributes = {
				LastUpgradeCheck = 0610;
				ORGANIZATIONNAME = GameDragon;
				TargetAttributes = {
					DCA736AF1A69D77F0033DA06 = {
						CreatedOnToolsVersion = 6.1.1;
					};
					DCA736C41A69D7800033DA06 = {
						CreatedOnToolsVersion = 6.1.1;
						TestTargetID = DCA736AF1A69D77F0033DA06;
					};
				};
			};
			buildConfigurationList = DCA736AB1A69D77F0033DA06 /* Build configuration list for PBXProject "RockPaperScissors" */;
			compatibilityVersion = "Xcode 3.2";
			developmentRegion = English;
			hasScannedForEncodings = 0;
			knownRegions = (
				en,
				Base,
			);
			mainGroup = DCA736A71A69D77F0033DA06;
			productRefGroup = DCA736B11A69D77F0033DA06 /* Products */;
			projectDirPath = "";
			projectRoot = "";
			targets = (
				DCA736AF1A69D77F0033DA06 /* RockPaperScissors */,
				DCA736C41A69D7800033DA06 /* RockPaperScissorsTests */,
			);
		};
/* End PBXProject section */

/* Begin PBXResourcesBuildPhase section */
		DCA736AE1A69D77F0033DA06 /* Resources */ = {
			isa = PBXResourcesBuildPhase;
			buildActionMask = 2147483647;
			files = (
				DCA736BB1A69D77F0033DA06 /* Main.storyboard in Resources */,
				DCA736C01A69D77F0033DA06 /* LaunchScreen.xib in Resources */,
				DCA736BD1A69D77F0033DA06 /* Images.xcassets in Resources */,
				DCA736D61A69D8610033DA06 /* rps.jpg in Resources */,
			);
			runOnlyForDeploymentPostprocessing = 0;
		};
		DCA736C31A69D7800033DA06 /* Resources */ = {
			isa = PBXResourcesBuildPhase;
			buildActionMask = 2147483647;
			files = (
			);
			runOnlyForDeploymentPostprocessing = 0;
		};
/* End PBXResourcesBuildPhase section */

/* Begin PBXSourcesBuildPhase section */
		DCA736AC1A69D77F0033DA06 /* Sources */ = {
			isa = PBXSourcesBuildPhase;
			buildActionMask = 2147483647;
			files = (
				DCA736B81A69D77F0033DA06 /* ViewController.swift in Sources */,
				DCA736B61A69D77F0033DA06 /* AppDelegate.swift in Sources */,
			);
			runOnlyForDeploymentPostprocessing = 0;
		};
		DCA736C11A69D7800033DA06 /* Sources */ = {
			isa = PBXSourcesBuildPhase;
			buildActionMask = 2147483647;
			files = (
				DCA736CC1A69D7800033DA06 /* RockPaperScissorsTests.swift in Sources */,
			);
			runOnlyForDeploymentPostprocessing = 0;
		};
/* End PBXSourcesBuildPhase section */

/* Begin PBXTargetDependency section */
		DCA736C71A69D7800033DA06 /* PBXTargetDependency */ = {
			isa = PBXTargetDependency;
			target = DCA736AF1A69D77F0033DA06 /* RockPaperScissors */;
			targetProxy = DCA736C61A69D7800033DA06 /* PBXContainerItemProxy */;
		};
/* End PBXTargetDependency section */

/* Begin PBXVariantGroup section */
		DCA736B91A69D77F0033DA06 /* Main.storyboard */ = {
			isa = PBXVariantGroup;
			children = (
				DCA736BA1A69D77F0033DA06 /* Base */,
			);
			name = Main.storyboard;
			sourceTree = "<group>";
		};
		DCA736BE1A69D77F0033DA06 /* LaunchScreen.xib */ = {
			isa = PBXVariantGroup;
			children = (
				DCA736BF1A69D77F0033DA06 /* Base */,
			);
			name = LaunchScreen.xib;
			sourceTree = "<group>";
		};
/* End PBXVariantGroup section */

/* Begin XCBuildConfiguration section */
		DCA736CD1A69D7800033DA06 /* Debug */ = {
			isa = XCBuildConfiguration;
			buildSettings = {
				ALWAYS_SEARCH_USER_PATHS = NO;
				CLANG_CXX_LANGUAGE_STANDARD = "gnu++0x";
				CLANG_CXX_LIBRARY = "libc++";
				CLANG_ENABLE_MODULES = YES;
				CLANG_ENABLE_OBJC_ARC = YES;
				CLANG_WARN_BOOL_CONVERSION = YES;
				CLANG_WARN_CONSTANT_CONVERSION = YES;
				CLANG_WARN_DIRECT_OBJC_ISA_USAGE = YES_ERROR;
				CLANG_WARN_EMPTY_BODY = YES;
				CLANG_WARN_ENUM_CONVERSION = YES;
				CLANG_WARN_INT_CONVERSION = YES;
				CLANG_WARN_OBJC_ROOT_CLASS = YES_ERROR;
				CLANG_WARN_UNREACHABLE_CODE = YES;
				CLANG_WARN__DUPLICATE_METHOD_MATCH = YES;
				"CODE_SIGN_IDENTITY[sdk=iphoneos*]" = "iPhone Developer";
				COPY_PHASE_STRIP = NO;
				ENABLE_STRICT_OBJC_MSGSEND = YES;
				GCC_C_LANGUAGE_STANDARD = gnu99;
				GCC_DYNAMIC_NO_PIC = NO;
				GCC_OPTIMIZATION_LEVEL = 0;
				GCC_PREPROCESSOR_DEFINITIONS = (
					"DEBUG=1",
					"$(inherited)",
				);
				GCC_SYMBOLS_PRIVATE_EXTERN = NO;
				GCC_WARN_64_TO_32_BIT_CONVERSION = YES;
				GCC_WARN_ABOUT_RETURN_TYPE = YES_ERROR;
				GCC_WARN_UNDECLARED_SELECTOR = YES;
				GCC_WARN_UNINITIALIZED_AUTOS = YES_AGGRESSIVE;
				GCC_WARN_UNUSED_FUNCTION = YES;
				GCC_WARN_UNUSED_VARIABLE = YES;
				IPHONEOS_DEPLOYMENT_TARGET = 8.1;
				MTL_ENABLE_DEBUG_INFO = YES;
				ONLY_ACTIVE_ARCH = YES;
				SDKROOT = iphoneos;
				SWIFT_OPTIMIZATION_LEVEL = "-Onone";
				TARGETED_DEVICE_FAMILY = "1,2";
			};
			name = Debug;
		};
		DCA736CE1A69D7800033DA06 /* Release */ = {
			isa = XCBuildConfiguration;
			buildSettings = {
				ALWAYS_SEARCH_USER_PATHS = NO;
				CLANG_CXX_LANGUAGE_STANDARD = "gnu++0x";
				CLANG_CXX_LIBRARY = "libc++";
				CLANG_ENABLE_MODULES = YES;
				CLANG_ENABLE_OBJC_ARC = YES;
				CLANG_WARN_BOOL_CONVERSION = YES;
				CLANG_WARN_CONSTANT_CONVERSION = YES;
				CLANG_WARN_DIRECT_OBJC_ISA_USAGE = YES_ERROR;
				CLANG_WARN_EMPTY_BODY = YES;
				CLANG_WARN_ENUM_CONVERSION = YES;
				CLANG_WARN_INT_CONVERSION = YES;
				CLANG_WARN_OBJC_ROOT_CLASS = YES_ERROR;
				CLANG_WARN_UNREACHABLE_CODE = YES;
				CLANG_WARN__DUPLICATE_METHOD_MATCH = YES;
				"CODE_SIGN_IDENTITY[sdk=iphoneos*]" = "iPhone Developer";
				COPY_PHASE_STRIP = YES;
				ENABLE_NS_ASSERTIONS = NO;
				ENABLE_STRICT_OBJC_MSGSEND = YES;
				GCC_C_LANGUAGE_STANDARD = gnu99;
				GCC_WARN_64_TO_32_BIT_CONVERSION = YES;
				GCC_WARN_ABOUT_RETURN_TYPE = YES_ERROR;
				GCC_WARN_UNDECLARED_SELECTOR = YES;
				GCC_WARN_UNINITIALIZED_AUTOS = YES_AGGRESSIVE;
				GCC_WARN_UNUSED_FUNCTION = YES;
				GCC_WARN_UNUSED_VARIABLE = YES;
				IPHONEOS_DEPLOYMENT_TARGET = 8.1;
				MTL_ENABLE_DEBUG_INFO = NO;
				SDKROOT = iphoneos;
				TARGETED_DEVICE_FAMILY = "1,2";
				VALIDATE_PRODUCT = YES;
			};
			name = Release;
		};
		DCA736D01A69D7800033DA06 /* Debug */ = {
			isa = XCBuildConfiguration;
			buildSettings = {
				ASSETCATALOG_COMPILER_APPICON_NAME = AppIcon;
				INFOPLIST_FILE = RockPaperScissors/Info.plist;
				LD_RUNPATH_SEARCH_PATHS = "$(inherited) @executable_path/Frameworks";
				PRODUCT_NAME = "$(TARGET_NAME)";
			};
			name = Debug;
		};
		DCA736D11A69D7800033DA06 /* Release */ = {
			isa = XCBuildConfiguration;
			buildSettings = {
				ASSETCATALOG_COMPILER_APPICON_NAME = AppIcon;
				INFOPLIST_FILE = RockPaperScissors/Info.plist;
				LD_RUNPATH_SEARCH_PATHS = "$(inherited) @executable_path/Frameworks";
				PRODUCT_NAME = "$(TARGET_NAME)";
			};
			name = Release;
		};
		DCA736D31A69D7800033DA06 /* Debug */ = {
			isa = XCBuildConfiguration;
			buildSettings = {
				BUNDLE_LOADER = "$(TEST_HOST)";
				FRAMEWORK_SEARCH_PATHS = (
					"$(SDKROOT)/Developer/Library/Frameworks",
					"$(inherited)",
				);
				GCC_PREPROCESSOR_DEFINITIONS = (
					"DEBUG=1",
					"$(inherited)",
				);
				INFOPLIST_FILE = RockPaperScissorsTests/Info.plist;
				LD_RUNPATH_SEARCH_PATHS = "$(inherited) @executable_path/Frameworks @loader_path/Frameworks";
				PRODUCT_NAME = "$(TARGET_NAME)";
				TEST_HOST = "$(BUILT_PRODUCTS_DIR)/RockPaperScissors.app/RockPaperScissors";
			};
			name = Debug;
		};
		DCA736D41A69D7800033DA06 /* Release */ = {
			isa = XCBuildConfiguration;
			buildSettings = {
				BUNDLE_LOADER = "$(TEST_HOST)";
				FRAMEWORK_SEARCH_PATHS = (
					"$(SDKROOT)/Developer/Library/Frameworks",
					"$(inherited)",
				);
				INFOPLIST_FILE = RockPaperScissorsTests/Info.plist;
				LD_RUNPATH_SEARCH_PATHS = "$(inherited) @executable_path/Frameworks @loader_path/Frameworks";
				PRODUCT_NAME = "$(TARGET_NAME)";
				TEST_HOST = "$(BUILT_PRODUCTS_DIR)/RockPaperScissors.app/RockPaperScissors";
			};
			name = Release;
		};
/* End XCBuildConfiguration section */

/* Begin XCConfigurationList section */
		DCA736AB1A69D77F0033DA06 /* Build configuration list for PBXProject "RockPaperScissors" */ = {
			isa = XCConfigurationList;
			buildConfigurations = (
				DCA736CD1A69D7800033DA06 /* Debug */,
				DCA736CE1A69D7800033DA06 /* Release */,
			);
			defaultConfigurationIsVisible = 0;
			defaultConfigurationName = Release;
		};
		DCA736CF1A69D7800033DA06 /* Build configuration list for PBXNativeTarget "RockPaperScissors" */ = {
			isa = XCConfigurationList;
			buildConfigurations = (
				DCA736D01A69D7800033DA06 /* Debug */,
				DCA736D11A69D7800033DA06 /* Release */,
			);
			defaultConfigurationIsVisible = 0;
		};
		DCA736D21A69D7800033DA06 /* Build configuration list for PBXNativeTarget "RockPaperScissorsTests" */ = {
			isa = XCConfigurationList;
			buildConfigurations = (
				DCA736D31A69D7800033DA06 /* Debug */,
				DCA736D41A69D7800033DA06 /* Release */,
			);
			defaultConfigurationIsVisible = 0;
		};
/* End XCConfigurationList section */
	};
	rootObject = DCA736A81A69D77F0033DA06 /* Project object */;
}
